PODS:
  - ZYFPodDemo (0.1.0):
    - ZYFPodDemo/ZYFPodDemo (= 0.1.0)
  - ZYFPodDemo/ZYFPodDemo (0.1.0):
    - ZYFPodDemo/ZYFPodDemo/home (= 0.1.0)
  - ZYFPodDemo/ZYFPodDemo/home (0.1.0)

DEPENDENCIES:
  - ZYFPodDemo (from `../`)

EXTERNAL SOURCES:
  ZYFPodDemo:
    :path: "../"

SPEC CHECKSUMS:
  ZYFPodDemo: ba27f24c4ca9b0bc24469203358b945a783a1d1b

PODFILE CHECKSUM: 25fd5de4893be2f54b78ae6c6d9137876af24f01

COCOAPODS: 1.9.0
